
Microsoft Visual Studio Solution File, Format Version 12.00
# Visual Studio Version 17
VisualStudioVersion = 17.14.36414.22 d17.14
MinimumVisualStudioVersion = 10.0.40219.1
Project("{FAE04EC0-301F-11D3-BF4B-00C04F79EFBC}") = "Desafios", "Desafios\Desafios.csproj", "{1D1D5450-DF5E-4E42-B73C-6178313103F5}"
EndProject
Project("{FAE04EC0-301F-11D3-BF4B-00C04F79EFBC}") = "Oficina.WebAPI", "Oficina.WebAPI\Oficina.WebAPI.csproj", "{96978D4D-E41D-41AB-80E0-5F388633A7BC}"
EndProject
Global
	GlobalSection(SolutionConfigurationPlatforms) = preSolution
		Debug|Any CPU = Debug|Any CPU
		Release|Any CPU = Release|Any CPU
	EndGlobalSection
	GlobalSection(ProjectConfigurationPlatforms) = postSolution
		{1D1D5450-DF5E-4E42-B73C-6178313103F5}.Debug|Any CPU.ActiveCfg = Debug|Any CPU
		{1D1D5450-DF5E-4E42-B73C-6178313103F5}.Debug|Any CPU.Build.0 = Debug|Any CPU
		{1D1D5450-DF5E-4E42-B73C-6178313103F5}.Release|Any CPU.ActiveCfg = Release|Any CPU
		{1D1D5450-DF5E-4E42-B73C-6178313103F5}.Release|Any CPU.Build.0 = Release|Any CPU
		{96978D4D-E41D-41AB-80E0-5F388633A7BC}.Debug|Any CPU.ActiveCfg = Debug|Any CPU
		{96978D4D-E41D-41AB-80E0-5F388633A7BC}.Debug|Any CPU.Build.0 = Debug|Any CPU
		{96978D4D-E41D-41AB-80E0-5F388633A7BC}.Release|Any CPU.ActiveCfg = Release|Any CPU
		{96978D4D-E41D-41AB-80E0-5F388633A7BC}.Release|Any CPU.Build.0 = Release|Any CPU
	EndGlobalSection
	GlobalSection(SolutionProperties) = preSolution
		HideSolutionNode = FALSE
	EndGlobalSection
	GlobalSection(ExtensibilityGlobals) = postSolution
		SolutionGuid = {E30F8EF1-5BB3-4BA6-9331-708569533E45}
	EndGlobalSection
EndGlobal
